
Microsoft Visual Studio Solution File, Format Version 12.00
# Visual Studio Version 16
VisualStudioVersion = 16.0.31727.386
MinimumVisualStudioVersion = 10.0.40219.1
Project("{FAE04EC0-301F-11D3-BF4B-00C04F79EFBC}") = "MiniBlog", "MiniBlog\MiniBlog.csproj", "{A197DB08-BB0A-41D2-B883-EE5B5CAC2B79}"
EndProject
Project("{FAE04EC0-301F-11D3-BF4B-00C04F79EFBC}") = "EntityLayer", "EntityLayer\EntityLayer.csproj", "{34226CB8-8899-48DC-A226-633F4D51C2AF}"
EndProject
Project("{FAE04EC0-301F-11D3-BF4B-00C04F79EFBC}") = "DataAccessLayer", "DataAccessLayer\DataAccessLayer.csproj", "{6E7D7F98-12C3-4A89-B598-E7A5EC336EC2}"
EndProject
Project("{FAE04EC0-301F-11D3-BF4B-00C04F79EFBC}") = "BusinessLayer", "BusinessLayer\BusinessLayer.csproj", "{5D473A84-85CC-4534-B4F4-32794C9C7C01}"
EndProject
Global
	GlobalSection(SolutionConfigurationPlatforms) = preSolution
		Debug|Any CPU = Debug|Any CPU
		Release|Any CPU = Release|Any CPU
	EndGlobalSection
	GlobalSection(ProjectConfigurationPlatforms) = postSolution
		{A197DB08-BB0A-41D2-B883-EE5B5CAC2B79}.Debug|Any CPU.ActiveCfg = Debug|Any CPU
		{A197DB08-BB0A-41D2-B883-EE5B5CAC2B79}.Debug|Any CPU.Build.0 = Debug|Any CPU
		{A197DB08-BB0A-41D2-B883-EE5B5CAC2B79}.Release|Any CPU.ActiveCfg = Release|Any CPU
		{A197DB08-BB0A-41D2-B883-EE5B5CAC2B79}.Release|Any CPU.Build.0 = Release|Any CPU
		{34226CB8-8899-48DC-A226-633F4D51C2AF}.Debug|Any CPU.ActiveCfg = Debug|Any CPU
		{34226CB8-8899-48DC-A226-633F4D51C2AF}.Debug|Any CPU.Build.0 = Debug|Any CPU
		{34226CB8-8899-48DC-A226-633F4D51C2AF}.Release|Any CPU.ActiveCfg = Release|Any CPU
		{34226CB8-8899-48DC-A226-633F4D51C2AF}.Release|Any CPU.Build.0 = Release|Any CPU
		{6E7D7F98-12C3-4A89-B598-E7A5EC336EC2}.Debug|Any CPU.ActiveCfg = Debug|Any CPU
		{6E7D7F98-12C3-4A89-B598-E7A5EC336EC2}.Debug|Any CPU.Build.0 = Debug|Any CPU
		{6E7D7F98-12C3-4A89-B598-E7A5EC336EC2}.Release|Any CPU.ActiveCfg = Release|Any CPU
		{6E7D7F98-12C3-4A89-B598-E7A5EC336EC2}.Release|Any CPU.Build.0 = Release|Any CPU
		{5D473A84-85CC-4534-B4F4-32794C9C7C01}.Debug|Any CPU.ActiveCfg = Debug|Any CPU
		{5D473A84-85CC-4534-B4F4-32794C9C7C01}.Debug|Any CPU.Build.0 = Debug|Any CPU
		{5D473A84-85CC-4534-B4F4-32794C9C7C01}.Release|Any CPU.ActiveCfg = Release|Any CPU
		{5D473A84-85CC-4534-B4F4-32794C9C7C01}.Release|Any CPU.Build.0 = Release|Any CPU
	EndGlobalSection
	GlobalSection(SolutionProperties) = preSolution
		HideSolutionNode = FALSE
	EndGlobalSection
	GlobalSection(ExtensibilityGlobals) = postSolution
		SolutionGuid = {3A62200E-E560-468A-8C6D-010ABF18FCB4}
	EndGlobalSection
EndGlobal
